{
  "nodes": {
    "flake-compat": {
      "flake": false,
      "locked": {
        "lastModified": 1673956053,
        "narHash": "sha256-4gtG9iQuiKITOjNQQeQIpoIB6b16fm+504Ch3sNKLd8=",
        "owner": "edolstra",
        "repo": "flake-compat",
        "rev": "35bb57c0c8d8b62bbfd284272c928ceb64ddbde9",
        "type": "github"
      },
      "original": {
        "owner": "edolstra",
        "repo": "flake-compat",
        "type": "github"
      }
    },
    "flake-utils": {
      "inputs": {
        "systems": "systems"
      },
      "locked": {
        "lastModified": 1685518550,
        "narHash": "sha256-o2d0KcvaXzTrPRIo0kOLV0/QXHhDQ5DTi+OxcjO8xqY=",
        "owner": "numtide",
        "repo": "flake-utils",
        "rev": "a1720a10a6cfe8234c0e93907ffe81be440f4cef",
        "type": "github"
      },
      "original": {
        "id": "flake-utils",
        "type": "indirect"
      }
    },
    "flake-utils_2": {
      "inputs": {
        "systems": "systems_2"
      },
      "locked": {
        "lastModified": 1681202837,
        "narHash": "sha256-H+Rh19JDwRtpVPAWp64F+rlEtxUWBAQW28eAi3SRSzg=",
        "owner": "numtide",
        "repo": "flake-utils",
        "rev": "cfacdce06f30d2b68473a46042957675eebb3401",
        "type": "github"
      },
      "original": {
        "owner": "numtide",
        "repo": "flake-utils",
        "type": "github"
      }
    },
    "nixpkgs": {
      "locked": {
        "lastModified": 1697456312,
        "narHash": "sha256-roiSnrqb5r+ehnKCauPLugoU8S36KgmWraHgRqVYndo=",
        "owner": "NixOS",
        "repo": "nixpkgs",
        "rev": "ca012a02bf8327be9e488546faecae5e05d7d749",
        "type": "github"
      },
      "original": {
        "owner": "NixOS",
        "ref": "nixos-unstable",
        "repo": "nixpkgs",
        "type": "github"
      }
    },
    "nixpkgs-python": {
      "inputs": {
        "flake-compat": "flake-compat",
        "flake-utils": "flake-utils",
        "nixpkgs": "nixpkgs_2"
      },
      "locked": {
        "lastModified": 1696615633,
        "narHash": "sha256-W9G6V4tCCjDa7PzqRYHWuRnews8ZCXWOa8MAujlr38Q=",
        "owner": "cachix",
        "repo": "nixpkgs-python",
        "rev": "08da523dfbab0833bfeada2de1e84ffc921bdf0f",
        "type": "github"
      },
      "original": {
        "owner": "cachix",
        "repo": "nixpkgs-python",
        "type": "github"
      }
    },
    "nixpkgs_2": {
      "locked": {
        "lastModified": 1685974512,
        "narHash": "sha256-WLPHpe96RbPRO9iDtCxgsYkadTheRq7wqXWdGpR6g7w=",
        "owner": "domenkozar",
        "repo": "nixpkgs",
        "rev": "1102477695918daba466123cc2ef694ed3a49939",
        "type": "github"
      },
      "original": {
        "owner": "domenkozar",
        "ref": "cpython-moduralize",
        "repo": "nixpkgs",
        "type": "github"
      }
    },
    "nixpkgs_3": {
      "locked": {
        "lastModified": 1682134069,
        "narHash": "sha256-TnI/ZXSmRxQDt2sjRYK/8j8iha4B4zP2cnQCZZ3vp7k=",
        "owner": "NixOS",
        "repo": "nixpkgs",
        "rev": "fd901ef4bf93499374c5af385b2943f5801c0833",
        "type": "github"
      },
      "original": {
        "id": "nixpkgs",
        "type": "indirect"
      }
    },
    "root": {
      "inputs": {
        "nixpkgs": "nixpkgs",
        "nixpkgs-python": "nixpkgs-python",
        "vscode-server": "vscode-server"
      }
    },
    "systems": {
      "locked": {
        "lastModified": 1681028828,
        "narHash": "sha256-Vy1rq5AaRuLzOxct8nz4T6wlgyUR7zLU309k9mBC768=",
        "owner": "nix-systems",
        "repo": "default",
        "rev": "da67096a3b9bf56a91d16901293e51ba5b49a27e",
        "type": "github"
      },
      "original": {
        "owner": "nix-systems",
        "repo": "default",
        "type": "github"
      }
    },
    "systems_2": {
      "locked": {
        "lastModified": 1681028828,
        "narHash": "sha256-Vy1rq5AaRuLzOxct8nz4T6wlgyUR7zLU309k9mBC768=",
        "owner": "nix-systems",
        "repo": "default",
        "rev": "da67096a3b9bf56a91d16901293e51ba5b49a27e",
        "type": "github"
      },
      "original": {
        "owner": "nix-systems",
        "repo": "default",
        "type": "github"
      }
    },
    "vscode-server": {
      "inputs": {
        "flake-utils": "flake-utils_2",
        "nixpkgs": "nixpkgs_3"
      },
      "locked": {
        "lastModified": 1684517665,
        "narHash": "sha256-SaAr66uCQ8CF75jIr23FZjk1+9Kfwm5sQnwV25206Gs=",
        "owner": "nix-community",
        "repo": "nixos-vscode-server",
        "rev": "1e1358493df6529d4c7bc4cc3066f76fd16d4ae6",
        "type": "github"
      },
      "original": {
        "owner": "nix-community",
        "repo": "nixos-vscode-server",
        "type": "github"
      }
    }
  },
  "root": "root",
  "version": 7
}
